
Microsoft Visual Studio Solution File, Format Version 12.00
# Visual Studio 15
VisualStudioVersion = 15.0.27703.2035
MinimumVisualStudioVersion = 10.0.40219.1
Project("{FAE04EC0-301F-11D3-BF4B-00C04F79EFBC}") = "u02a1_Registration_File", "u02a1_Registration\u02a1_Registration_File.csproj", "{6DEECBB8-D641-44EC-A57C-CA6D5880F404}"
EndProject
Global
	GlobalSection(SolutionConfigurationPlatforms) = preSolution
		Debug|Any CPU = Debug|Any CPU
		Release|Any CPU = Release|Any CPU
	EndGlobalSection
	GlobalSection(ProjectConfigurationPlatforms) = postSolution
		{6DEECBB8-D641-44EC-A57C-CA6D5880F404}.Debug|Any CPU.ActiveCfg = Debug|Any CPU
		{6DEECBB8-D641-44EC-A57C-CA6D5880F404}.Debug|Any CPU.Build.0 = Debug|Any CPU
		{6DEECBB8-D641-44EC-A57C-CA6D5880F404}.Release|Any CPU.ActiveCfg = Release|Any CPU
		{6DEECBB8-D641-44EC-A57C-CA6D5880F404}.Release|Any CPU.Build.0 = Release|Any CPU
	EndGlobalSection
	GlobalSection(SolutionProperties) = preSolution
		HideSolutionNode = FALSE
	EndGlobalSection
	GlobalSection(ExtensibilityGlobals) = postSolution
		SolutionGuid = {5E5D9578-9111-4E09-9567-B16561C746A5}
	EndGlobalSection
EndGlobal
